// !$*UTF8*$!
{
	archiveVersion = 1;
	classes = {
	};
	objectVersion = 48;
	objects = {

/* Begin PBXBuildFile section */
		5CF9FB5559AF3B35990A6233 /* Pods_TwitterNLPExample.framework in Frameworks */ = {isa = PBXBuildFile; fileRef = A238DC1F8D70ED615B6CE7F8 /* Pods_TwitterNLPExample.framework */; };
		C40BA0E11FD0F6BB00EBF8E0 /* TweetsViewController.swift in Sources */ = {isa = PBXBuildFile; fileRef = C40BA0E01FD0F6BB00EBF8E0 /* TweetsViewController.swift */; };
		C40BA0E61FD10B6000EBF8E0 /* Twitter.plist in Resources */ = {isa = PBXBuildFile; fileRef = C40BA0E51FD10B6000EBF8E0 /* Twitter.plist */; };
		C40BA0E81FD10C5600EBF8E0 /* TweetCell.swift in Sources */ = {isa = PBXBuildFile; fileRef = C40BA0E71FD10C5600EBF8E0 /* TweetCell.swift */; };
		C40BA0EA1FD1DE7000EBF8E0 /* String+Extensions.swift in Sources */ = {isa = PBXBuildFile; fileRef = C40BA0E91FD1DE7000EBF8E0 /* String+Extensions.swift */; };
		C4FF12DB1FCFCCF7006558BF /* AppDelegate.swift in Sources */ = {isa = PBXBuildFile; fileRef = C4FF12DA1FCFCCF7006558BF /* AppDelegate.swift */; };
		C4FF12E21FCFCCF7006558BF /* Main.storyboard in Resources */ = {isa = PBXBuildFile; fileRef = C4FF12E01FCFCCF7006558BF /* Main.storyboard */; };
		C4FF12E41FCFCCF7006558BF /* Assets.xcassets in Resources */ = {isa = PBXBuildFile; fileRef = C4FF12E31FCFCCF7006558BF /* Assets.xcassets */; };
		C4FF12E71FCFCCF7006558BF /* LaunchScreen.storyboard in Resources */ = {isa = PBXBuildFile; fileRef = C4FF12E51FCFCCF7006558BF /* LaunchScreen.storyboard */; };
/* End PBXBuildFile section */

/* Begin PBXFileReference section */
		154FE9A4FAADE41B4C4C38CE /* Pods-TwitterNLPExample.release.xcconfig */ = {isa = PBXFileReference; includeInIndex = 1; lastKnownFileType = text.xcconfig; name = "Pods-TwitterNLPExample.release.xcconfig"; path = "Pods/Target Support Files/Pods-TwitterNLPExample/Pods-TwitterNLPExample.release.xcconfig"; sourceTree = "<group>"; };
		404DAA988CAE8B65F3AE370B /* Pods-TwitterNLPExample.debug.xcconfig */ = {isa = PBXFileReference; includeInIndex = 1; lastKnownFileType = text.xcconfig; name = "Pods-TwitterNLPExample.debug.xcconfig"; path = "Pods/Target Support Files/Pods-TwitterNLPExample/Pods-TwitterNLPExample.debug.xcconfig"; sourceTree = "<group>"; };
		A238DC1F8D70ED615B6CE7F8 /* Pods_TwitterNLPExample.framework */ = {isa = PBXFileReference; explicitFileType = wrapper.framework; includeInIndex = 0; path = Pods_TwitterNLPExample.framework; sourceTree = BUILT_PRODUCTS_DIR; };
		C40BA0E01FD0F6BB00EBF8E0 /* TweetsViewController.swift */ = {isa = PBXFileReference; lastKnownFileType = sourcecode.swift; path = TweetsViewController.swift; sourceTree = "<group>"; };
		C40BA0E41FD1008000EBF8E0 /* Twitter.framework */ = {isa = PBXFileReference; lastKnownFileType = wrapper.framework; name = Twitter.framework; path = System/Library/Frameworks/Twitter.framework; sourceTree = SDKROOT; };
		C40BA0E51FD10B6000EBF8E0 /* Twitter.plist */ = {isa = PBXFileReference; lastKnownFileType = text.plist.xml; path = Twitter.plist; sourceTree = "<group>"; };
		C40BA0E71FD10C5600EBF8E0 /* TweetCell.swift */ = {isa = PBXFileReference; lastKnownFileType = sourcecode.swift; path = TweetCell.swift; sourceTree = "<group>"; };
		C40BA0E91FD1DE7000EBF8E0 /* String+Extensions.swift */ = {isa = PBXFileReference; lastKnownFileType = sourcecode.swift; path = "String+Extensions.swift"; sourceTree = "<group>"; };
		C4FF12D71FCFCCF7006558BF /* TwitterNLPExample.app */ = {isa = PBXFileReference; explicitFileType = wrapper.application; includeInIndex = 0; path = TwitterNLPExample.app; sourceTree = BUILT_PRODUCTS_DIR; };
		C4FF12DA1FCFCCF7006558BF /* AppDelegate.swift */ = {isa = PBXFileReference; lastKnownFileType = sourcecode.swift; path = AppDelegate.swift; sourceTree = "<group>"; };
		C4FF12E11FCFCCF7006558BF /* Base */ = {isa = PBXFileReference; lastKnownFileType = file.storyboard; name = Base; path = Base.lproj/Main.storyboard; sourceTree = "<group>"; };
		C4FF12E31FCFCCF7006558BF /* Assets.xcassets */ = {isa = PBXFileReference; lastKnownFileType = folder.assetcatalog; path = Assets.xcassets; sourceTree = "<group>"; };
		C4FF12E61FCFCCF7006558BF /* Base */ = {isa = PBXFileReference; lastKnownFileType = file.storyboard; name = Base; path = Base.lproj/LaunchScreen.storyboard; sourceTree = "<group>"; };
		C4FF12E81FCFCCF7006558BF /* Info.plist */ = {isa = PBXFileReference; lastKnownFileType = text.plist.xml; path = Info.plist; sourceTree = "<group>"; };
		C4FF13131FD0F317006558BF /* SwifteriOS.framework */ = {isa = PBXFileReference; explicitFileType = wrapper.framework; path = SwifteriOS.framework; sourceTree = BUILT_PRODUCTS_DIR; };
/* End PBXFileReference section */

/* Begin PBXFrameworksBuildPhase section */
		C4FF12D41FCFCCF7006558BF /* Frameworks */ = {
			isa = PBXFrameworksBuildPhase;
			buildActionMask = 2147483647;
			files = (
				5CF9FB5559AF3B35990A6233 /* Pods_TwitterNLPExample.framework in Frameworks */,
			);
			runOnlyForDeploymentPostprocessing = 0;
		};
/* End PBXFrameworksBuildPhase section */

/* Begin PBXGroup section */
		51F550CE652A2BC8A6AE3AAF /* Pods */ = {
			isa = PBXGroup;
			children = (
				404DAA988CAE8B65F3AE370B /* Pods-TwitterNLPExample.debug.xcconfig */,
				154FE9A4FAADE41B4C4C38CE /* Pods-TwitterNLPExample.release.xcconfig */,
			);
			name = Pods;
			sourceTree = "<group>";
		};
		73007171C5DBCF532B1E683C /* Frameworks */ = {
			isa = PBXGroup;
			children = (
				C40BA0E41FD1008000EBF8E0 /* Twitter.framework */,
				C4FF13131FD0F317006558BF /* SwifteriOS.framework */,
				A238DC1F8D70ED615B6CE7F8 /* Pods_TwitterNLPExample.framework */,
			);
			name = Frameworks;
			sourceTree = "<group>";
		};
		C4FF12CE1FCFCCF7006558BF = {
			isa = PBXGroup;
			children = (
				C4FF12D91FCFCCF7006558BF /* TwitterNLPExample */,
				C4FF12D81FCFCCF7006558BF /* Products */,
				51F550CE652A2BC8A6AE3AAF /* Pods */,
				73007171C5DBCF532B1E683C /* Frameworks */,
			);
			sourceTree = "<group>";
		};
		C4FF12D81FCFCCF7006558BF /* Products */ = {
			isa = PBXGroup;
			children = (
				C4FF12D71FCFCCF7006558BF /* TwitterNLPExample.app */,
			);
			name = Products;
			sourceTree = "<group>";
		};
		C4FF12D91FCFCCF7006558BF /* TwitterNLPExample */ = {
			isa = PBXGroup;
			children = (
				C4FF12DA1FCFCCF7006558BF /* AppDelegate.swift */,
				C40BA0E01FD0F6BB00EBF8E0 /* TweetsViewController.swift */,
				C40BA0E91FD1DE7000EBF8E0 /* String+Extensions.swift */,
				C40BA0E71FD10C5600EBF8E0 /* TweetCell.swift */,
				C4FF12E01FCFCCF7006558BF /* Main.storyboard */,
				C4FF12E31FCFCCF7006558BF /* Assets.xcassets */,
				C4FF12E51FCFCCF7006558BF /* LaunchScreen.storyboard */,
				C4FF12E81FCFCCF7006558BF /* Info.plist */,
				C40BA0E51FD10B6000EBF8E0 /* Twitter.plist */,
			);
			path = TwitterNLPExample;
			sourceTree = "<group>";
		};
/* End PBXGroup section */

/* Begin PBXNativeTarget section */
		C4FF12D61FCFCCF7006558BF /* TwitterNLPExample */ = {
			isa = PBXNativeTarget;
			buildConfigurationList = C4FF12EB1FCFCCF7006558BF /* Build configuration list for PBXNativeTarget "TwitterNLPExample" */;
			buildPhases = (
				A1BF5DA397F8F89C764CDFC7 /* [CP] Check Pods Manifest.lock */,
				C4FF12D31FCFCCF7006558BF /* Sources */,
				C4FF12D41FCFCCF7006558BF /* Frameworks */,
				C4FF12D51FCFCCF7006558BF /* Resources */,
				0CC9A873F84B135B6264462F /* [CP] Embed Pods Frameworks */,
				E10A43105FE6F5227127DFAA /* [CP] Copy Pods Resources */,
			);
			buildRules = (
			);
			dependencies = (
			);
			name = TwitterNLPExample;
			productName = TwitterNLPExample;
			productReference = C4FF12D71FCFCCF7006558BF /* TwitterNLPExample.app */;
			productType = "com.apple.product-type.application";
		};
/* End PBXNativeTarget section */

/* Begin PBXProject section */
		C4FF12CF1FCFCCF7006558BF /* Project object */ = {
			isa = PBXProject;
			attributes = {
				LastSwiftUpdateCheck = 0910;
				LastUpgradeCheck = 0910;
				ORGANIZATIONNAME = "Doron Katz";
				TargetAttributes = {
					C4FF12D61FCFCCF7006558BF = {
						CreatedOnToolsVersion = 9.1;
						ProvisioningStyle = Automatic;
					};
				};
			};
			buildConfigurationList = C4FF12D21FCFCCF7006558BF /* Build configuration list for PBXProject "TwitterNLPExample" */;
			compatibilityVersion = "Xcode 8.0";
			developmentRegion = en;
			hasScannedForEncodings = 0;
			knownRegions = (
				en,
				Base,
			);
			mainGroup = C4FF12CE1FCFCCF7006558BF;
			productRefGroup = C4FF12D81FCFCCF7006558BF /* Products */;
			projectDirPath = "";
			projectRoot = "";
			targets = (
				C4FF12D61FCFCCF7006558BF /* TwitterNLPExample */,
			);
		};
/* End PBXProject section */

/* Begin PBXResourcesBuildPhase section */
		C4FF12D51FCFCCF7006558BF /* Resources */ = {
			isa = PBXResourcesBuildPhase;
			buildActionMask = 2147483647;
			files = (
				C4FF12E71FCFCCF7006558BF /* LaunchScreen.storyboard in Resources */,
				C4FF12E41FCFCCF7006558BF /* Assets.xcassets in Resources */,
				C40BA0E61FD10B6000EBF8E0 /* Twitter.plist in Resources */,
				C4FF12E21FCFCCF7006558BF /* Main.storyboard in Resources */,
			);
			runOnlyForDeploymentPostprocessing = 0;
		};
/* End PBXResourcesBuildPhase section */

/* Begin PBXShellScriptBuildPhase section */
		0CC9A873F84B135B6264462F /* [CP] Embed Pods Frameworks */ = {
			isa = PBXShellScriptBuildPhase;
			buildActionMask = 2147483647;
			files = (
			);
			inputPaths = (
			);
			name = "[CP] Embed Pods Frameworks";
			outputPaths = (
			);
			runOnlyForDeploymentPostprocessing = 0;
			shellPath = /bin/sh;
			shellScript = "\"${SRCROOT}/Pods/Target Support Files/Pods-TwitterNLPExample/Pods-TwitterNLPExample-frameworks.sh\"\n";
			showEnvVarsInLog = 0;
		};
		A1BF5DA397F8F89C764CDFC7 /* [CP] Check Pods Manifest.lock */ = {
			isa = PBXShellScriptBuildPhase;
			buildActionMask = 2147483647;
			files = (
			);
			inputPaths = (
			);
			name = "[CP] Check Pods Manifest.lock";
			outputPaths = (
			);
			runOnlyForDeploymentPostprocessing = 0;
			shellPath = /bin/sh;
			shellScript = "diff \"${PODS_PODFILE_DIR_PATH}/Podfile.lock\" \"${PODS_ROOT}/Manifest.lock\" > /dev/null\nif [ $? != 0 ] ; then\n    # print error to STDERR\n    echo \"error: The sandbox is not in sync with the Podfile.lock. Run 'pod install' or update your CocoaPods installation.\" >&2\n    exit 1\nfi\n";
			showEnvVarsInLog = 0;
		};
		E10A43105FE6F5227127DFAA /* [CP] Copy Pods Resources */ = {
			isa = PBXShellScriptBuildPhase;
			buildActionMask = 2147483647;
			files = (
			);
			inputPaths = (
			);
			name = "[CP] Copy Pods Resources";
			outputPaths = (
			);
			runOnlyForDeploymentPostprocessing = 0;
			shellPath = /bin/sh;
			shellScript = "\"${SRCROOT}/Pods/Target Support Files/Pods-TwitterNLPExample/Pods-TwitterNLPExample-resources.sh\"\n";
			showEnvVarsInLog = 0;
		};
/* End PBXShellScriptBuildPhase section */

/* Begin PBXSourcesBuildPhase section */
		C4FF12D31FCFCCF7006558BF /* Sources */ = {
			isa = PBXSourcesBuildPhase;
			buildActionMask = 2147483647;
			files = (
				C40BA0EA1FD1DE7000EBF8E0 /* String+Extensions.swift in Sources */,
				C4FF12DB1FCFCCF7006558BF /* AppDelegate.swift in Sources */,
				C40BA0E11FD0F6BB00EBF8E0 /* TweetsViewController.swift in Sources */,
				C40BA0E81FD10C5600EBF8E0 /* TweetCell.swift in Sources */,
			);
			runOnlyForDeploymentPostprocessing = 0;
		};
/* End PBXSourcesBuildPhase section */

/* Begin PBXVariantGroup section */
		C4FF12E01FCFCCF7006558BF /* Main.storyboard */ = {
			isa = PBXVariantGroup;
			children = (
				C4FF12E11FCFCCF7006558BF /* Base */,
			);
			name = Main.storyboard;
			sourceTree = "<group>";
		};
		C4FF12E51FCFCCF7006558BF /* LaunchScreen.storyboard */ = {
			isa = PBXVariantGroup;
			children = (
				C4FF12E61FCFCCF7006558BF /* Base */,
			);
			name = LaunchScreen.storyboard;
			sourceTree = "<group>";
		};
/* End PBXVariantGroup section */

/* Begin XCBuildConfiguration section */
		C4FF12E91FCFCCF7006558BF /* Debug */ = {
			isa = XCBuildConfiguration;
			buildSettings = {
				ALWAYS_SEARCH_USER_PATHS = NO;
				CLANG_ANALYZER_NONNULL = YES;
				CLANG_ANALYZER_NUMBER_OBJECT_CONVERSION = YES_AGGRESSIVE;
				CLANG_CXX_LANGUAGE_STANDARD = "gnu++14";
				CLANG_CXX_LIBRARY = "libc++";
				CLANG_ENABLE_MODULES = YES;
				CLANG_ENABLE_OBJC_ARC = YES;
				CLANG_WARN_BLOCK_CAPTURE_AUTORELEASING = YES;
				CLANG_WARN_BOOL_CONVERSION = YES;
				CLANG_WARN_COMMA = YES;
				CLANG_WARN_CONSTANT_CONVERSION = YES;
				CLANG_WARN_DIRECT_OBJC_ISA_USAGE = YES_ERROR;
				CLANG_WARN_DOCUMENTATION_COMMENTS = YES;
				CLANG_WARN_EMPTY_BODY = YES;
				CLANG_WARN_ENUM_CONVERSION = YES;
				CLANG_WARN_INFINITE_RECURSION = YES;
				CLANG_WARN_INT_CONVERSION = YES;
				CLANG_WARN_NON_LITERAL_NULL_CONVERSION = YES;
				CLANG_WARN_OBJC_LITERAL_CONVERSION = YES;
				CLANG_WARN_OBJC_ROOT_CLASS = YES_ERROR;
				CLANG_WARN_RANGE_LOOP_ANALYSIS = YES;
				CLANG_WARN_STRICT_PROTOTYPES = YES;
				CLANG_WARN_SUSPICIOUS_MOVE = YES;
				CLANG_WARN_UNGUARDED_AVAILABILITY = YES_AGGRESSIVE;
				CLANG_WARN_UNREACHABLE_CODE = YES;
				CLANG_WARN__DUPLICATE_METHOD_MATCH = YES;
				CODE_SIGN_IDENTITY = "iPhone Developer";
				COPY_PHASE_STRIP = NO;
				DEBUG_INFORMATION_FORMAT = dwarf;
				ENABLE_STRICT_OBJC_MSGSEND = YES;
				ENABLE_TESTABILITY = YES;
				GCC_C_LANGUAGE_STANDARD = gnu11;
				GCC_DYNAMIC_NO_PIC = NO;
				GCC_NO_COMMON_BLOCKS = YES;
				GCC_OPTIMIZATION_LEVEL = 0;
				GCC_PREPROCESSOR_DEFINITIONS = (
					"DEBUG=1",
					"$(inherited)",
				);
				GCC_WARN_64_TO_32_BIT_CONVERSION = YES;
				GCC_WARN_ABOUT_RETURN_TYPE = YES_ERROR;
				GCC_WARN_UNDECLARED_SELECTOR = YES;
				GCC_WARN_UNINITIALIZED_AUTOS = YES_AGGRESSIVE;
				GCC_WARN_UNUSED_FUNCTION = YES;
				GCC_WARN_UNUSED_VARIABLE = YES;
				IPHONEOS_DEPLOYMENT_TARGET = 11.1;
				MTL_ENABLE_DEBUG_INFO = YES;
				ONLY_ACTIVE_ARCH = YES;
				SDKROOT = iphoneos;
				SWIFT_ACTIVE_COMPILATION_CONDITIONS = DEBUG;
				SWIFT_OPTIMIZATION_LEVEL = "-Onone";
			};
			name = Debug;
		};
		C4FF12EA1FCFCCF7006558BF /* Release */ = {
			isa = XCBuildConfiguration;
			buildSettings = {
				ALWAYS_SEARCH_USER_PATHS = NO;
				CLANG_ANALYZER_NONNULL = YES;
				CLANG_ANALYZER_NUMBER_OBJECT_CONVERSION = YES_AGGRESSIVE;
				CLANG_CXX_LANGUAGE_STANDARD = "gnu++14";
				CLANG_CXX_LIBRARY = "libc++";
				CLANG_ENABLE_MODULES = YES;
				CLANG_ENABLE_OBJC_ARC = YES;
				CLANG_WARN_BLOCK_CAPTURE_AUTORELEASING = YES;
				CLANG_WARN_BOOL_CONVERSION = YES;
				CLANG_WARN_COMMA = YES;
				CLANG_WARN_CONSTANT_CONVERSION = YES;
				CLANG_WARN_DIRECT_OBJC_ISA_USAGE = YES_ERROR;
				CLANG_WARN_DOCUMENTATION_COMMENTS = YES;
				CLANG_WARN_EMPTY_BODY = YES;
				CLANG_WARN_ENUM_CONVERSION = YES;
				CLANG_WARN_INFINITE_RECURSION = YES;
				CLANG_WARN_INT_CONVERSION = YES;
				CLANG_WARN_NON_LITERAL_NULL_CONVERSION = YES;
				CLANG_WARN_OBJC_LITERAL_CONVERSION = YES;
				CLANG_WARN_OBJC_ROOT_CLASS = YES_ERROR;
				CLANG_WARN_RANGE_LOOP_ANALYSIS = YES;
				CLANG_WARN_STRICT_PROTOTYPES = YES;
				CLANG_WARN_SUSPICIOUS_MOVE = YES;
				CLANG_WARN_UNGUARDED_AVAILABILITY = YES_AGGRESSIVE;
				CLANG_WARN_UNREACHABLE_CODE = YES;
				CLANG_WARN__DUPLICATE_METHOD_MATCH = YES;
				CODE_SIGN_IDENTITY = "iPhone Developer";
				COPY_PHASE_STRIP = NO;
				DEBUG_INFORMATION_FORMAT = "dwarf-with-dsym";
				ENABLE_NS_ASSERTIONS = NO;
				ENABLE_STRICT_OBJC_MSGSEND = YES;
				GCC_C_LANGUAGE_STANDARD = gnu11;
				GCC_NO_COMMON_BLOCKS = YES;
				GCC_WARN_64_TO_32_BIT_CONVERSION = YES;
				GCC_WARN_ABOUT_RETURN_TYPE = YES_ERROR;
				GCC_WARN_UNDECLARED_SELECTOR = YES;
				GCC_WARN_UNINITIALIZED_AUTOS = YES_AGGRESSIVE;
				GCC_WARN_UNUSED_FUNCTION = YES;
				GCC_WARN_UNUSED_VARIABLE = YES;
				IPHONEOS_DEPLOYMENT_TARGET = 11.1;
				MTL_ENABLE_DEBUG_INFO = NO;
				SDKROOT = iphoneos;
				SWIFT_OPTIMIZATION_LEVEL = "-Owholemodule";
				VALIDATE_PRODUCT = YES;
			};
			name = Release;
		};
		C4FF12EC1FCFCCF7006558BF /* Debug */ = {
			isa = XCBuildConfiguration;
			baseConfigurationReference = 404DAA988CAE8B65F3AE370B /* Pods-TwitterNLPExample.debug.xcconfig */;
			buildSettings = {
				ASSETCATALOG_COMPILER_APPICON_NAME = AppIcon;
				CODE_SIGN_STYLE = Automatic;
				DEVELOPMENT_TEAM = UU98N6FWB5;
				INFOPLIST_FILE = TwitterNLPExample/Info.plist;
				LD_RUNPATH_SEARCH_PATHS = "$(inherited) @executable_path/Frameworks";
				PRODUCT_BUNDLE_IDENTIFIER = com.doronkatz.TwitterNLPExample;
				PRODUCT_NAME = "$(TARGET_NAME)";
				SWIFT_VERSION = 4.0;
				TARGETED_DEVICE_FAMILY = "1,2";
			};
			name = Debug;
		};
		C4FF12ED1FCFCCF7006558BF /* Release */ = {
			isa = XCBuildConfiguration;
			baseConfigurationReference = 154FE9A4FAADE41B4C4C38CE /* Pods-TwitterNLPExample.release.xcconfig */;
			buildSettings = {
				ASSETCATALOG_COMPILER_APPICON_NAME = AppIcon;
				CODE_SIGN_STYLE = Automatic;
				DEVELOPMENT_TEAM = UU98N6FWB5;
				INFOPLIST_FILE = TwitterNLPExample/Info.plist;
				LD_RUNPATH_SEARCH_PATHS = "$(inherited) @executable_path/Frameworks";
				PRODUCT_BUNDLE_IDENTIFIER = com.doronkatz.TwitterNLPExample;
				PRODUCT_NAME = "$(TARGET_NAME)";
				SWIFT_VERSION = 4.0;
				TARGETED_DEVICE_FAMILY = "1,2";
			};
			name = Release;
		};
/* End XCBuildConfiguration section */

/* Begin XCConfigurationList section */
		C4FF12D21FCFCCF7006558BF /* Build configuration list for PBXProject "TwitterNLPExample" */ = {
			isa = XCConfigurationList;
			buildConfigurations = (
				C4FF12E91FCFCCF7006558BF /* Debug */,
				C4FF12EA1FCFCCF7006558BF /* Release */,
			);
			defaultConfigurationIsVisible = 0;
			defaultConfigurationName = Release;
		};
		C4FF12EB1FCFCCF7006558BF /* Build configuration list for PBXNativeTarget "TwitterNLPExample" */ = {
			isa = XCConfigurationList;
			buildConfigurations = (
				C4FF12EC1FCFCCF7006558BF /* Debug */,
				C4FF12ED1FCFCCF7006558BF /* Release */,
			);
			defaultConfigurationIsVisible = 0;
			defaultConfigurationName = Release;
		};
/* End XCConfigurationList section */
	};
	rootObject = C4FF12CF1FCFCCF7006558BF /* Project object */;
}
